
Microsoft Visual Studio Solution File, Format Version 9.00
# Visual Studio 2005
Project("{FAE04EC0-301F-11D3-BF4B-00C04F79EFBC}") = "PlitkaCalc", "PlitkaCalc.csproj", "{65254BF0-1F4B-402A-A7C6-9EEB8CD0F222}"
EndProject
Global
	GlobalSection(SolutionConfigurationPlatforms) = preSolution
		Debug|Any CPU = Debug|Any CPU
		Release|Any CPU = Release|Any CPU
	EndGlobalSection
	GlobalSection(ProjectConfigurationPlatforms) = postSolution
		{65254BF0-1F4B-402A-A7C6-9EEB8CD0F222}.Debug|Any CPU.ActiveCfg = Debug|Any CPU
		{65254BF0-1F4B-402A-A7C6-9EEB8CD0F222}.Debug|Any CPU.Build.0 = Debug|Any CPU
		{65254BF0-1F4B-402A-A7C6-9EEB8CD0F222}.Release|Any CPU.ActiveCfg = Release|Any CPU
		{65254BF0-1F4B-402A-A7C6-9EEB8CD0F222}.Release|Any CPU.Build.0 = Release|Any CPU
	EndGlobalSection
	GlobalSection(SolutionProperties) = preSolution
		HideSolutionNode = FALSE
	EndGlobalSection
EndGlobal
